
Microsoft Visual Studio Solution File, Format Version 12.00
# Visual Studio 15
VisualStudioVersion = 15.0.28307.421
MinimumVisualStudioVersion = 10.0.40219.1
Project("{FAE04EC0-301F-11D3-BF4B-00C04F79EFBC}") = "sales.Android", "sales\sales.Android\sales.Android.csproj", "{FE2CDCF0-14BF-46C0-A8D0-6A84FA88D627}"
EndProject
Project("{FAE04EC0-301F-11D3-BF4B-00C04F79EFBC}") = "sales.iOS", "sales\sales.iOS\sales.iOS.csproj", "{65BDD725-A075-45EB-B6C5-3E63DA65C147}"
EndProject
Project("{FAE04EC0-301F-11D3-BF4B-00C04F79EFBC}") = "sales", "sales\sales\sales.csproj", "{FA3011C4-B904-4242-95DC-E6B057E8C242}"
EndProject
Global
	GlobalSection(SolutionConfigurationPlatforms) = preSolution
		Ad-Hoc|Any CPU = Ad-Hoc|Any CPU
		Ad-Hoc|iPhone = Ad-Hoc|iPhone
		Ad-Hoc|iPhoneSimulator = Ad-Hoc|iPhoneSimulator
		AppStore|Any CPU = AppStore|Any CPU
		AppStore|iPhone = AppStore|iPhone
		AppStore|iPhoneSimulator = AppStore|iPhoneSimulator
		Debug|Any CPU = Debug|Any CPU
		Debug|iPhone = Debug|iPhone
		Debug|iPhoneSimulator = Debug|iPhoneSimulator
		Release|Any CPU = Release|Any CPU
		Release|iPhone = Release|iPhone
		Release|iPhoneSimulator = Release|iPhoneSimulator
	EndGlobalSection
	GlobalSection(ProjectConfigurationPlatforms) = postSolution
		{FE2CDCF0-14BF-46C0-A8D0-6A84FA88D627}.Ad-Hoc|Any CPU.ActiveCfg = Release|Any CPU
		{FE2CDCF0-14BF-46C0-A8D0-6A84FA88D627}.Ad-Hoc|Any CPU.Build.0 = Release|Any CPU
		{FE2CDCF0-14BF-46C0-A8D0-6A84FA88D627}.Ad-Hoc|Any CPU.Deploy.0 = Release|Any CPU
		{FE2CDCF0-14BF-46C0-A8D0-6A84FA88D627}.Ad-Hoc|iPhone.ActiveCfg = Release|Any CPU
		{FE2CDCF0-14BF-46C0-A8D0-6A84FA88D627}.Ad-Hoc|iPhone.Build.0 = Release|Any CPU
		{FE2CDCF0-14BF-46C0-A8D0-6A84FA88D627}.Ad-Hoc|iPhone.Deploy.0 = Release|Any CPU
		{FE2CDCF0-14BF-46C0-A8D0-6A84FA88D627}.Ad-Hoc|iPhoneSimulator.ActiveCfg = Release|Any CPU
		{FE2CDCF0-14BF-46C0-A8D0-6A84FA88D627}.Ad-Hoc|iPhoneSimulator.Build.0 = Release|Any CPU
		{FE2CDCF0-14BF-46C0-A8D0-6A84FA88D627}.Ad-Hoc|iPhoneSimulator.Deploy.0 = Release|Any CPU
		{FE2CDCF0-14BF-46C0-A8D0-6A84FA88D627}.AppStore|Any CPU.ActiveCfg = Release|Any CPU
		{FE2CDCF0-14BF-46C0-A8D0-6A84FA88D627}.AppStore|Any CPU.Build.0 = Release|Any CPU
		{FE2CDCF0-14BF-46C0-A8D0-6A84FA88D627}.AppStore|Any CPU.Deploy.0 = Release|Any CPU
		{FE2CDCF0-14BF-46C0-A8D0-6A84FA88D627}.AppStore|iPhone.ActiveCfg = Release|Any CPU
		{FE2CDCF0-14BF-46C0-A8D0-6A84FA88D627}.AppStore|iPhone.Build.0 = Release|Any CPU
		{FE2CDCF0-14BF-46C0-A8D0-6A84FA88D627}.AppStore|iPhone.Deploy.0 = Release|Any CPU
		{FE2CDCF0-14BF-46C0-A8D0-6A84FA88D627}.AppStore|iPhoneSimulator.ActiveCfg = Release|Any CPU
		{FE2CDCF0-14BF-46C0-A8D0-6A84FA88D627}.AppStore|iPhoneSimulator.Build.0 = Release|Any CPU
		{FE2CDCF0-14BF-46C0-A8D0-6A84FA88D627}.AppStore|iPhoneSimulator.Deploy.0 = Release|Any CPU
		{FE2CDCF0-14BF-46C0-A8D0-6A84FA88D627}.Debug|Any CPU.ActiveCfg = Debug|Any CPU
		{FE2CDCF0-14BF-46C0-A8D0-6A84FA88D627}.Debug|Any CPU.Build.0 = Debug|Any CPU
		{FE2CDCF0-14BF-46C0-A8D0-6A84FA88D627}.Debug|Any CPU.Deploy.0 = Debug|Any CPU
		{FE2CDCF0-14BF-46C0-A8D0-6A84FA88D627}.Debug|iPhone.ActiveCfg = Debug|Any CPU
		{FE2CDCF0-14BF-46C0-A8D0-6A84FA88D627}.Debug|iPhone.Build.0 = Debug|Any CPU
		{FE2CDCF0-14BF-46C0-A8D0-6A84FA88D627}.Debug|iPhone.Deploy.0 = Debug|Any CPU
		{FE2CDCF0-14BF-46C0-A8D0-6A84FA88D627}.Debug|iPhoneSimulator.ActiveCfg = Debug|Any CPU
		{FE2CDCF0-14BF-46C0-A8D0-6A84FA88D627}.Debug|iPhoneSimulator.Build.0 = Debug|Any CPU
		{FE2CDCF0-14BF-46C0-A8D0-6A84FA88D627}.Debug|iPhoneSimulator.Deploy.0 = Debug|Any CPU
		{FE2CDCF0-14BF-46C0-A8D0-6A84FA88D627}.Release|Any CPU.ActiveCfg = Release|Any CPU
		{FE2CDCF0-14BF-46C0-A8D0-6A84FA88D627}.Release|Any CPU.Build.0 = Release|Any CPU
		{FE2CDCF0-14BF-46C0-A8D0-6A84FA88D627}.Release|Any CPU.Deploy.0 = Release|Any CPU
		{FE2CDCF0-14BF-46C0-A8D0-6A84FA88D627}.Release|iPhone.ActiveCfg = Release|Any CPU
		{FE2CDCF0-14BF-46C0-A8D0-6A84FA88D627}.Release|iPhone.Build.0 = Release|Any CPU
		{FE2CDCF0-14BF-46C0-A8D0-6A84FA88D627}.Release|iPhone.Deploy.0 = Release|Any CPU
		{FE2CDCF0-14BF-46C0-A8D0-6A84FA88D627}.Release|iPhoneSimulator.ActiveCfg = Release|Any CPU
		{FE2CDCF0-14BF-46C0-A8D0-6A84FA88D627}.Release|iPhoneSimulator.Build.0 = Release|Any CPU
		{FE2CDCF0-14BF-46C0-A8D0-6A84FA88D627}.Release|iPhoneSimulator.Deploy.0 = Release|Any CPU
		{65BDD725-A075-45EB-B6C5-3E63DA65C147}.Ad-Hoc|Any CPU.ActiveCfg = Ad-Hoc|iPhone
		{65BDD725-A075-45EB-B6C5-3E63DA65C147}.Ad-Hoc|Any CPU.Build.0 = Ad-Hoc|iPhone
		{65BDD725-A075-45EB-B6C5-3E63DA65C147}.Ad-Hoc|Any CPU.Deploy.0 = Ad-Hoc|iPhone
		{65BDD725-A075-45EB-B6C5-3E63DA65C147}.Ad-Hoc|iPhone.ActiveCfg = Ad-Hoc|iPhone
		{65BDD725-A075-45EB-B6C5-3E63DA65C147}.Ad-Hoc|iPhone.Build.0 = Ad-Hoc|iPhone
		{65BDD725-A075-45EB-B6C5-3E63DA65C147}.Ad-Hoc|iPhone.Deploy.0 = Ad-Hoc|iPhone
		{65BDD725-A075-45EB-B6C5-3E63DA65C147}.Ad-Hoc|iPhoneSimulator.ActiveCfg = Ad-Hoc|iPhoneSimulator
		{65BDD725-A075-45EB-B6C5-3E63DA65C147}.Ad-Hoc|iPhoneSimulator.Build.0 = Ad-Hoc|iPhoneSimulator
		{65BDD725-A075-45EB-B6C5-3E63DA65C147}.Ad-Hoc|iPhoneSimulator.Deploy.0 = Ad-Hoc|iPhoneSimulator
		{65BDD725-A075-45EB-B6C5-3E63DA65C147}.AppStore|Any CPU.ActiveCfg = AppStore|iPhone
		{65BDD725-A075-45EB-B6C5-3E63DA65C147}.AppStore|Any CPU.Build.0 = AppStore|iPhone
		{65BDD725-A075-45EB-B6C5-3E63DA65C147}.AppStore|Any CPU.Deploy.0 = AppStore|iPhone
		{65BDD725-A075-45EB-B6C5-3E63DA65C147}.AppStore|iPhone.ActiveCfg = AppStore|iPhone
		{65BDD725-A075-45EB-B6C5-3E63DA65C147}.AppStore|iPhone.Build.0 = AppStore|iPhone
		{65BDD725-A075-45EB-B6C5-3E63DA65C147}.AppStore|iPhone.Deploy.0 = AppStore|iPhone
		{65BDD725-A075-45EB-B6C5-3E63DA65C147}.AppStore|iPhoneSimulator.ActiveCfg = AppStore|iPhoneSimulator
		{65BDD725-A075-45EB-B6C5-3E63DA65C147}.AppStore|iPhoneSimulator.Build.0 = AppStore|iPhoneSimulator
		{65BDD725-A075-45EB-B6C5-3E63DA65C147}.AppStore|iPhoneSimulator.Deploy.0 = AppStore|iPhoneSimulator
		{65BDD725-A075-45EB-B6C5-3E63DA65C147}.Debug|Any CPU.ActiveCfg = Debug|iPhoneSimulator
		{65BDD725-A075-45EB-B6C5-3E63DA65C147}.Debug|Any CPU.Build.0 = Debug|iPhoneSimulator
		{65BDD725-A075-45EB-B6C5-3E63DA65C147}.Debug|Any CPU.Deploy.0 = Debug|iPhoneSimulator
		{65BDD725-A075-45EB-B6C5-3E63DA65C147}.Debug|iPhone.ActiveCfg = Debug|iPhone
		{65BDD725-A075-45EB-B6C5-3E63DA65C147}.Debug|iPhone.Build.0 = Debug|iPhone
		{65BDD725-A075-45EB-B6C5-3E63DA65C147}.Debug|iPhone.Deploy.0 = Debug|iPhone
		{65BDD725-A075-45EB-B6C5-3E63DA65C147}.Debug|iPhoneSimulator.ActiveCfg = Debug|iPhoneSimulator
		{65BDD725-A075-45EB-B6C5-3E63DA65C147}.Debug|iPhoneSimulator.Build.0 = Debug|iPhoneSimulator
		{65BDD725-A075-45EB-B6C5-3E63DA65C147}.Debug|iPhoneSimulator.Deploy.0 = Debug|iPhoneSimulator
		{65BDD725-A075-45EB-B6C5-3E63DA65C147}.Release|Any CPU.ActiveCfg = Release|iPhone
		{65BDD725-A075-45EB-B6C5-3E63DA65C147}.Release|Any CPU.Build.0 = Release|iPhone
		{65BDD725-A075-45EB-B6C5-3E63DA65C147}.Release|Any CPU.Deploy.0 = Release|iPhone
		{65BDD725-A075-45EB-B6C5-3E63DA65C147}.Release|iPhone.ActiveCfg = Release|iPhone
		{65BDD725-A075-45EB-B6C5-3E63DA65C147}.Release|iPhone.Build.0 = Release|iPhone
		{65BDD725-A075-45EB-B6C5-3E63DA65C147}.Release|iPhone.Deploy.0 = Release|iPhone
		{65BDD725-A075-45EB-B6C5-3E63DA65C147}.Release|iPhoneSimulator.ActiveCfg = Release|iPhoneSimulator
		{65BDD725-A075-45EB-B6C5-3E63DA65C147}.Release|iPhoneSimulator.Build.0 = Release|iPhoneSimulator
		{65BDD725-A075-45EB-B6C5-3E63DA65C147}.Release|iPhoneSimulator.Deploy.0 = Release|iPhoneSimulator
		{FA3011C4-B904-4242-95DC-E6B057E8C242}.Ad-Hoc|Any CPU.ActiveCfg = Debug|Any CPU
		{FA3011C4-B904-4242-95DC-E6B057E8C242}.Ad-Hoc|Any CPU.Build.0 = Debug|Any CPU
		{FA3011C4-B904-4242-95DC-E6B057E8C242}.Ad-Hoc|Any CPU.Deploy.0 = Debug|Any CPU
		{FA3011C4-B904-4242-95DC-E6B057E8C242}.Ad-Hoc|iPhone.ActiveCfg = Debug|Any CPU
		{FA3011C4-B904-4242-95DC-E6B057E8C242}.Ad-Hoc|iPhone.Build.0 = Debug|Any CPU
		{FA3011C4-B904-4242-95DC-E6B057E8C242}.Ad-Hoc|iPhone.Deploy.0 = Debug|Any CPU
		{FA3011C4-B904-4242-95DC-E6B057E8C242}.Ad-Hoc|iPhoneSimulator.ActiveCfg = Debug|Any CPU
		{FA3011C4-B904-4242-95DC-E6B057E8C242}.Ad-Hoc|iPhoneSimulator.Build.0 = Debug|Any CPU
		{FA3011C4-B904-4242-95DC-E6B057E8C242}.Ad-Hoc|iPhoneSimulator.Deploy.0 = Debug|Any CPU
		{FA3011C4-B904-4242-95DC-E6B057E8C242}.AppStore|Any CPU.ActiveCfg = Debug|Any CPU
		{FA3011C4-B904-4242-95DC-E6B057E8C242}.AppStore|Any CPU.Build.0 = Debug|Any CPU
		{FA3011C4-B904-4242-95DC-E6B057E8C242}.AppStore|Any CPU.Deploy.0 = Debug|Any CPU
		{FA3011C4-B904-4242-95DC-E6B057E8C242}.AppStore|iPhone.ActiveCfg = Debug|Any CPU
		{FA3011C4-B904-4242-95DC-E6B057E8C242}.AppStore|iPhone.Build.0 = Debug|Any CPU
		{FA3011C4-B904-4242-95DC-E6B057E8C242}.AppStore|iPhone.Deploy.0 = Debug|Any CPU
		{FA3011C4-B904-4242-95DC-E6B057E8C242}.AppStore|iPhoneSimulator.ActiveCfg = Debug|Any CPU
		{FA3011C4-B904-4242-95DC-E6B057E8C242}.AppStore|iPhoneSimulator.Build.0 = Debug|Any CPU
		{FA3011C4-B904-4242-95DC-E6B057E8C242}.AppStore|iPhoneSimulator.Deploy.0 = Debug|Any CPU
		{FA3011C4-B904-4242-95DC-E6B057E8C242}.Debug|Any CPU.ActiveCfg = Debug|Any CPU
		{FA3011C4-B904-4242-95DC-E6B057E8C242}.Debug|Any CPU.Build.0 = Debug|Any CPU
		{FA3011C4-B904-4242-95DC-E6B057E8C242}.Debug|Any CPU.Deploy.0 = Debug|Any CPU
		{FA3011C4-B904-4242-95DC-E6B057E8C242}.Debug|iPhone.ActiveCfg = Debug|Any CPU
		{FA3011C4-B904-4242-95DC-E6B057E8C242}.Debug|iPhone.Build.0 = Debug|Any CPU
		{FA3011C4-B904-4242-95DC-E6B057E8C242}.Debug|iPhone.Deploy.0 = Debug|Any CPU
		{FA3011C4-B904-4242-95DC-E6B057E8C242}.Debug|iPhoneSimulator.ActiveCfg = Debug|Any CPU
		{FA3011C4-B904-4242-95DC-E6B057E8C242}.Debug|iPhoneSimulator.Build.0 = Debug|Any CPU
		{FA3011C4-B904-4242-95DC-E6B057E8C242}.Debug|iPhoneSimulator.Deploy.0 = Debug|Any CPU
		{FA3011C4-B904-4242-95DC-E6B057E8C242}.Release|Any CPU.ActiveCfg = Release|Any CPU
		{FA3011C4-B904-4242-95DC-E6B057E8C242}.Release|Any CPU.Build.0 = Release|Any CPU
		{FA3011C4-B904-4242-95DC-E6B057E8C242}.Release|Any CPU.Deploy.0 = Release|Any CPU
		{FA3011C4-B904-4242-95DC-E6B057E8C242}.Release|iPhone.ActiveCfg = Release|Any CPU
		{FA3011C4-B904-4242-95DC-E6B057E8C242}.Release|iPhone.Build.0 = Release|Any CPU
		{FA3011C4-B904-4242-95DC-E6B057E8C242}.Release|iPhone.Deploy.0 = Release|Any CPU
		{FA3011C4-B904-4242-95DC-E6B057E8C242}.Release|iPhoneSimulator.ActiveCfg = Release|Any CPU
		{FA3011C4-B904-4242-95DC-E6B057E8C242}.Release|iPhoneSimulator.Build.0 = Release|Any CPU
		{FA3011C4-B904-4242-95DC-E6B057E8C242}.Release|iPhoneSimulator.Deploy.0 = Release|Any CPU
	EndGlobalSection
	GlobalSection(SolutionProperties) = preSolution
		HideSolutionNode = FALSE
	EndGlobalSection
	GlobalSection(ExtensibilityGlobals) = postSolution
		SolutionGuid = {685C7F56-CE01-468A-A6B9-D30D5324CFD6}
	EndGlobalSection
EndGlobal
